// !$*UTF8*$!
{
	archiveVersion = 1;
	classes = {
	};
	objectVersion = 50;
	objects = {

/* Begin PBXBuildFile section */
		7CBCE97623A3DEE000322B47 /* AppDelegate.swift in Sources */ = {isa = PBXBuildFile; fileRef = 7CBCE97523A3DEE000322B47 /* AppDelegate.swift */; };
		7CBCE97823A3DEE000322B47 /* SceneDelegate.swift in Sources */ = {isa = PBXBuildFile; fileRef = 7CBCE97723A3DEE000322B47 /* SceneDelegate.swift */; };
		7CBCE97A23A3DEE000322B47 /* ViewController.swift in Sources */ = {isa = PBXBuildFile; fileRef = 7CBCE97923A3DEE000322B47 /* ViewController.swift */; };
		7CBCE97D23A3DEE000322B47 /* Main.storyboard in Resources */ = {isa = PBXBuildFile; fileRef = 7CBCE97B23A3DEE000322B47 /* Main.storyboard */; };
		7CBCE98023A3DEE000322B47 /* RequestsLesson.xcdatamodeld in Sources */ = {isa = PBXBuildFile; fileRef = 7CBCE97E23A3DEE000322B47 /* RequestsLesson.xcdatamodeld */; };
		7CBCE98223A3DEE200322B47 /* Assets.xcassets in Resources */ = {isa = PBXBuildFile; fileRef = 7CBCE98123A3DEE200322B47 /* Assets.xcassets */; };
		7CBCE98523A3DEE200322B47 /* LaunchScreen.storyboard in Resources */ = {isa = PBXBuildFile; fileRef = 7CBCE98323A3DEE200322B47 /* LaunchScreen.storyboard */; };
/* End PBXBuildFile section */

/* Begin PBXFileReference section */
		7CBCE97223A3DEE000322B47 /* RequestsLesson.app */ = {isa = PBXFileReference; explicitFileType = wrapper.application; includeInIndex = 0; path = RequestsLesson.app; sourceTree = BUILT_PRODUCTS_DIR; };
		7CBCE97523A3DEE000322B47 /* AppDelegate.swift */ = {isa = PBXFileReference; lastKnownFileType = sourcecode.swift; path = AppDelegate.swift; sourceTree = "<group>"; };
		7CBCE97723A3DEE000322B47 /* SceneDelegate.swift */ = {isa = PBXFileReference; lastKnownFileType = sourcecode.swift; path = SceneDelegate.swift; sourceTree = "<group>"; };
		7CBCE97923A3DEE000322B47 /* ViewController.swift */ = {isa = PBXFileReference; lastKnownFileType = sourcecode.swift; path = ViewController.swift; sourceTree = "<group>"; };
		7CBCE97C23A3DEE000322B47 /* Base */ = {isa = PBXFileReference; lastKnownFileType = file.storyboard; name = Base; path = Base.lproj/Main.storyboard; sourceTree = "<group>"; };
		7CBCE97F23A3DEE000322B47 /* RequestsLesson.xcdatamodel */ = {isa = PBXFileReference; lastKnownFileType = wrapper.xcdatamodel; path = RequestsLesson.xcdatamodel; sourceTree = "<group>"; };
		7CBCE98123A3DEE200322B47 /* Assets.xcassets */ = {isa = PBXFileReference; lastKnownFileType = folder.assetcatalog; path = Assets.xcassets; sourceTree = "<group>"; };
		7CBCE98423A3DEE200322B47 /* Base */ = {isa = PBXFileReference; lastKnownFileType = file.storyboard; name = Base; path = Base.lproj/LaunchScreen.storyboard; sourceTree = "<group>"; };
		7CBCE98623A3DEE200322B47 /* Info.plist */ = {isa = PBXFileReference; lastKnownFileType = text.plist.xml; path = Info.plist; sourceTree = "<group>"; };
/* End PBXFileReference section */

/* Begin PBXFrameworksBuildPhase section */
		7CBCE96F23A3DEE000322B47 /* Frameworks */ = {
			isa = PBXFrameworksBuildPhase;
			buildActionMask = 2147483647;
			files = (
			);
			runOnlyForDeploymentPostprocessing = 0;
		};
/* End PBXFrameworksBuildPhase section */

/* Begin PBXGroup section */
		7CBCE96923A3DEE000322B47 = {
			isa = PBXGroup;
			children = (
				7CBCE97423A3DEE000322B47 /* RequestsLesson */,
				7CBCE97323A3DEE000322B47 /* Products */,
			);
			sourceTree = "<group>";
		};
		7CBCE97323A3DEE000322B47 /* Products */ = {
			isa = PBXGroup;
			children = (
				7CBCE97223A3DEE000322B47 /* RequestsLesson.app */,
			);
			name = Products;
			sourceTree = "<group>";
		};
		7CBCE97423A3DEE000322B47 /* RequestsLesson */ = {
			isa = PBXGroup;
			children = (
				7CBCE97523A3DEE000322B47 /* AppDelegate.swift */,
				7CBCE97723A3DEE000322B47 /* SceneDelegate.swift */,
				7CBCE97923A3DEE000322B47 /* ViewController.swift */,
				7CBCE97B23A3DEE000322B47 /* Main.storyboard */,
				7CBCE98123A3DEE200322B47 /* Assets.xcassets */,
				7CBCE98323A3DEE200322B47 /* LaunchScreen.storyboard */,
				7CBCE98623A3DEE200322B47 /* Info.plist */,
				7CBCE97E23A3DEE000322B47 /* RequestsLesson.xcdatamodeld */,
			);
			path = RequestsLesson;
			sourceTree = "<group>";
		};
/* End PBXGroup section */

/* Begin PBXNativeTarget section */
		7CBCE97123A3DEE000322B47 /* RequestsLesson */ = {
			isa = PBXNativeTarget;
			buildConfigurationList = 7CBCE98923A3DEE200322B47 /* Build configuration list for PBXNativeTarget "RequestsLesson" */;
			buildPhases = (
				7CBCE96E23A3DEE000322B47 /* Sources */,
				7CBCE96F23A3DEE000322B47 /* Frameworks */,
				7CBCE97023A3DEE000322B47 /* Resources */,
			);
			buildRules = (
			);
			dependencies = (
			);
			name = RequestsLesson;
			productName = RequestsLesson;
			productReference = 7CBCE97223A3DEE000322B47 /* RequestsLesson.app */;
			productType = "com.apple.product-type.application";
		};
/* End PBXNativeTarget section */

/* Begin PBXProject section */
		7CBCE96A23A3DEE000322B47 /* Project object */ = {
			isa = PBXProject;
			attributes = {
				LastSwiftUpdateCheck = 1120;
				LastUpgradeCheck = 1120;
				ORGANIZATIONNAME = "Ildar Zalyalov";
				TargetAttributes = {
					7CBCE97123A3DEE000322B47 = {
						CreatedOnToolsVersion = 11.2.1;
					};
				};
			};
			buildConfigurationList = 7CBCE96D23A3DEE000322B47 /* Build configuration list for PBXProject "RequestsLesson" */;
			compatibilityVersion = "Xcode 9.3";
			developmentRegion = en;
			hasScannedForEncodings = 0;
			knownRegions = (
				en,
				Base,
			);
			mainGroup = 7CBCE96923A3DEE000322B47;
			productRefGroup = 7CBCE97323A3DEE000322B47 /* Products */;
			projectDirPath = "";
			projectRoot = "";
			targets = (
				7CBCE97123A3DEE000322B47 /* RequestsLesson */,
			);
		};
/* End PBXProject section */

/* Begin PBXResourcesBuildPhase section */
		7CBCE97023A3DEE000322B47 /* Resources */ = {
			isa = PBXResourcesBuildPhase;
			buildActionMask = 2147483647;
			files = (
				7CBCE98523A3DEE200322B47 /* LaunchScreen.storyboard in Resources */,
				7CBCE98223A3DEE200322B47 /* Assets.xcassets in Resources */,
				7CBCE97D23A3DEE000322B47 /* Main.storyboard in Resources */,
			);
			runOnlyForDeploymentPostprocessing = 0;
		};
/* End PBXResourcesBuildPhase section */

/* Begin PBXSourcesBuildPhase section */
		7CBCE96E23A3DEE000322B47 /* Sources */ = {
			isa = PBXSourcesBuildPhase;
			buildActionMask = 2147483647;
			files = (
				7CBCE97A23A3DEE000322B47 /* ViewController.swift in Sources */,
				7CBCE97623A3DEE000322B47 /* AppDelegate.swift in Sources */,
				7CBCE97823A3DEE000322B47 /* SceneDelegate.swift in Sources */,
				7CBCE98023A3DEE000322B47 /* RequestsLesson.xcdatamodeld in Sources */,
			);
			runOnlyForDeploymentPostprocessing = 0;
		};
/* End PBXSourcesBuildPhase section */

/* Begin PBXVariantGroup section */
		7CBCE97B23A3DEE000322B47 /* Main.storyboard */ = {
			isa = PBXVariantGroup;
			children = (
				7CBCE97C23A3DEE000322B47 /* Base */,
			);
			name = Main.storyboard;
			sourceTree = "<group>";
		};
		7CBCE98323A3DEE200322B47 /* LaunchScreen.storyboard */ = {
			isa = PBXVariantGroup;
			children = (
				7CBCE98423A3DEE200322B47 /* Base */,
			);
			name = LaunchScreen.storyboard;
			sourceTree = "<group>";
		};
/* End PBXVariantGroup section */

/* Begin XCBuildConfiguration section */
		7CBCE98723A3DEE200322B47 /* Debug */ = {
			isa = XCBuildConfiguration;
			buildSettings = {
				ALWAYS_SEARCH_USER_PATHS = NO;
				CLANG_ANALYZER_NONNULL = YES;
				CLANG_ANALYZER_NUMBER_OBJECT_CONVERSION = YES_AGGRESSIVE;
				CLANG_CXX_LANGUAGE_STANDARD = "gnu++14";
				CLANG_CXX_LIBRARY = "libc++";
				CLANG_ENABLE_MODULES = YES;
				CLANG_ENABLE_OBJC_ARC = YES;
				CLANG_ENABLE_OBJC_WEAK = YES;
				CLANG_WARN_BLOCK_CAPTURE_AUTORELEASING = YES;
				CLANG_WARN_BOOL_CONVERSION = YES;
				CLANG_WARN_COMMA = YES;
				CLANG_WARN_CONSTANT_CONVERSION = YES;
				CLANG_WARN_DEPRECATED_OBJC_IMPLEMENTATIONS = YES;
				CLANG_WARN_DIRECT_OBJC_ISA_USAGE = YES_ERROR;
				CLANG_WARN_DOCUMENTATION_COMMENTS = YES;
				CLANG_WARN_EMPTY_BODY = YES;
				CLANG_WARN_ENUM_CONVERSION = YES;
				CLANG_WARN_INFINITE_RECURSION = YES;
				CLANG_WARN_INT_CONVERSION = YES;
				CLANG_WARN_NON_LITERAL_NULL_CONVERSION = YES;
				CLANG_WARN_OBJC_IMPLICIT_RETAIN_SELF = YES;
				CLANG_WARN_OBJC_LITERAL_CONVERSION = YES;
				CLANG_WARN_OBJC_ROOT_CLASS = YES_ERROR;
				CLANG_WARN_RANGE_LOOP_ANALYSIS = YES;
				CLANG_WARN_STRICT_PROTOTYPES = YES;
				CLANG_WARN_SUSPICIOUS_MOVE = YES;
				CLANG_WARN_UNGUARDED_AVAILABILITY = YES_AGGRESSIVE;
				CLANG_WARN_UNREACHABLE_CODE = YES;
				CLANG_WARN__DUPLICATE_METHOD_MATCH = YES;
				COPY_PHASE_STRIP = NO;
				DEBUG_INFORMATION_FORMAT = dwarf;
				ENABLE_STRICT_OBJC_MSGSEND = YES;
				ENABLE_TESTABILITY = YES;
				GCC_C_LANGUAGE_STANDARD = gnu11;
				GCC_DYNAMIC_NO_PIC = NO;
				GCC_NO_COMMON_BLOCKS = YES;
				GCC_OPTIMIZATION_LEVEL = 0;
				GCC_PREPROCESSOR_DEFINITIONS = (
					"DEBUG=1",
					"$(inherited)",
				);
				GCC_WARN_64_TO_32_BIT_CONVERSION = YES;
				GCC_WARN_ABOUT_RETURN_TYPE = YES_ERROR;
				GCC_WARN_UNDECLARED_SELECTOR = YES;
				GCC_WARN_UNINITIALIZED_AUTOS = YES_AGGRESSIVE;
				GCC_WARN_UNUSED_FUNCTION = YES;
				GCC_WARN_UNUSED_VARIABLE = YES;
				IPHONEOS_DEPLOYMENT_TARGET = 13.2;
				MTL_ENABLE_DEBUG_INFO = INCLUDE_SOURCE;
				MTL_FAST_MATH = YES;
				ONLY_ACTIVE_ARCH = YES;
				SDKROOT = iphoneos;
				SWIFT_ACTIVE_COMPILATION_CONDITIONS = DEBUG;
				SWIFT_OPTIMIZATION_LEVEL = "-Onone";
			};
			name = Debug;
		};
		7CBCE98823A3DEE200322B47 /* Release */ = {
			isa = XCBuildConfiguration;
			buildSettings = {
				ALWAYS_SEARCH_USER_PATHS = NO;
				CLANG_ANALYZER_NONNULL = YES;
				CLANG_ANALYZER_NUMBER_OBJECT_CONVERSION = YES_AGGRESSIVE;
				CLANG_CXX_LANGUAGE_STANDARD = "gnu++14";
				CLANG_CXX_LIBRARY = "libc++";
				CLANG_ENABLE_MODULES = YES;
				CLANG_ENABLE_OBJC_ARC = YES;
				CLANG_ENABLE_OBJC_WEAK = YES;
				CLANG_WARN_BLOCK_CAPTURE_AUTORELEASING = YES;
				CLANG_WARN_BOOL_CONVERSION = YES;
				CLANG_WARN_COMMA = YES;
				CLANG_WARN_CONSTANT_CONVERSION = YES;
				CLANG_WARN_DEPRECATED_OBJC_IMPLEMENTATIONS = YES;
				CLANG_WARN_DIRECT_OBJC_ISA_USAGE = YES_ERROR;
				CLANG_WARN_DOCUMENTATION_COMMENTS = YES;
				CLANG_WARN_EMPTY_BODY = YES;
				CLANG_WARN_ENUM_CONVERSION = YES;
				CLANG_WARN_INFINITE_RECURSION = YES;
				CLANG_WARN_INT_CONVERSION = YES;
				CLANG_WARN_NON_LITERAL_NULL_CONVERSION = YES;
				CLANG_WARN_OBJC_IMPLICIT_RETAIN_SELF = YES;
				CLANG_WARN_OBJC_LITERAL_CONVERSION = YES;
				CLANG_WARN_OBJC_ROOT_CLASS = YES_ERROR;
				CLANG_WARN_RANGE_LOOP_ANALYSIS = YES;
				CLANG_WARN_STRICT_PROTOTYPES = YES;
				CLANG_WARN_SUSPICIOUS_MOVE = YES;
				CLANG_WARN_UNGUARDED_AVAILABILITY = YES_AGGRESSIVE;
				CLANG_WARN_UNREACHABLE_CODE = YES;
				CLANG_WARN__DUPLICATE_METHOD_MATCH = YES;
				COPY_PHASE_STRIP = NO;
				DEBUG_INFORMATION_FORMAT = "dwarf-with-dsym";
				ENABLE_NS_ASSERTIONS = NO;
				ENABLE_STRICT_OBJC_MSGSEND = YES;
				GCC_C_LANGUAGE_STANDARD = gnu11;
				GCC_NO_COMMON_BLOCKS = YES;
				GCC_WARN_64_TO_32_BIT_CONVERSION = YES;
				GCC_WARN_ABOUT_RETURN_TYPE = YES_ERROR;
				GCC_WARN_UNDECLARED_SELECTOR = YES;
				GCC_WARN_UNINITIALIZED_AUTOS = YES_AGGRESSIVE;
				GCC_WARN_UNUSED_FUNCTION = YES;
				GCC_WARN_UNUSED_VARIABLE = YES;
				IPHONEOS_DEPLOYMENT_TARGET = 13.2;
				MTL_ENABLE_DEBUG_INFO = NO;
				MTL_FAST_MATH = YES;
				SDKROOT = iphoneos;
				SWIFT_COMPILATION_MODE = wholemodule;
				SWIFT_OPTIMIZATION_LEVEL = "-O";
				VALIDATE_PRODUCT = YES;
			};
			name = Release;
		};
		7CBCE98A23A3DEE200322B47 /* Debug */ = {
			isa = XCBuildConfiguration;
			buildSettings = {
				ASSETCATALOG_COMPILER_APPICON_NAME = AppIcon;
				CODE_SIGN_STYLE = Automatic;
				INFOPLIST_FILE = RequestsLesson/Info.plist;
				LD_RUNPATH_SEARCH_PATHS = (
					"$(inherited)",
					"@executable_path/Frameworks",
				);
				PRODUCT_BUNDLE_IDENTIFIER = come.testInAppItits.com.RequestsLesson;
				PRODUCT_NAME = "$(TARGET_NAME)";
				SWIFT_VERSION = 5.0;
				TARGETED_DEVICE_FAMILY = "1,2";
			};
			name = Debug;
		};
		7CBCE98B23A3DEE200322B47 /* Release */ = {
			isa = XCBuildConfiguration;
			buildSettings = {
				ASSETCATALOG_COMPILER_APPICON_NAME = AppIcon;
				CODE_SIGN_STYLE = Automatic;
				INFOPLIST_FILE = RequestsLesson/Info.plist;
				LD_RUNPATH_SEARCH_PATHS = (
					"$(inherited)",
					"@executable_path/Frameworks",
				);
				PRODUCT_BUNDLE_IDENTIFIER = come.testInAppItits.com.RequestsLesson;
				PRODUCT_NAME = "$(TARGET_NAME)";
				SWIFT_VERSION = 5.0;
				TARGETED_DEVICE_FAMILY = "1,2";
			};
			name = Release;
		};
/* End XCBuildConfiguration section */

/* Begin XCConfigurationList section */
		7CBCE96D23A3DEE000322B47 /* Build configuration list for PBXProject "RequestsLesson" */ = {
			isa = XCConfigurationList;
			buildConfigurations = (
				7CBCE98723A3DEE200322B47 /* Debug */,
				7CBCE98823A3DEE200322B47 /* Release */,
			);
			defaultConfigurationIsVisible = 0;
			defaultConfigurationName = Release;
		};
		7CBCE98923A3DEE200322B47 /* Build configuration list for PBXNativeTarget "RequestsLesson" */ = {
			isa = XCConfigurationList;
			buildConfigurations = (
				7CBCE98A23A3DEE200322B47 /* Debug */,
				7CBCE98B23A3DEE200322B47 /* Release */,
			);
			defaultConfigurationIsVisible = 0;
			defaultConfigurationName = Release;
		};
/* End XCConfigurationList section */

/* Begin XCVersionGroup section */
		7CBCE97E23A3DEE000322B47 /* RequestsLesson.xcdatamodeld */ = {
			isa = XCVersionGroup;
			children = (
				7CBCE97F23A3DEE000322B47 /* RequestsLesson.xcdatamodel */,
			);
			currentVersion = 7CBCE97F23A3DEE000322B47 /* RequestsLesson.xcdatamodel */;
			path = RequestsLesson.xcdatamodeld;
			sourceTree = "<group>";
			versionGroupType = wrapper.xcdatamodel;
		};
/* End XCVersionGroup section */
	};
	rootObject = 7CBCE96A23A3DEE000322B47 /* Project object */;
}
